// !$*UTF8*$!
{
	archiveVersion = 1;
	classes = {
	};
	objectVersion = 50;
	objects = {

/* Begin PBXBuildFile section */
		C92C58562382235F009D6A2D /* AppDelegate.swift in Sources */ = {isa = PBXBuildFile; fileRef = C92C58552382235F009D6A2D /* AppDelegate.swift */; };
		C92C58582382235F009D6A2D /* SceneDelegate.swift in Sources */ = {isa = PBXBuildFile; fileRef = C92C58572382235F009D6A2D /* SceneDelegate.swift */; };
		C92C585A2382235F009D6A2D /* ContentView.swift in Sources */ = {isa = PBXBuildFile; fileRef = C92C58592382235F009D6A2D /* ContentView.swift */; };
		C92C585C23822363009D6A2D /* Assets.xcassets in Resources */ = {isa = PBXBuildFile; fileRef = C92C585B23822363009D6A2D /* Assets.xcassets */; };
		C92C585F23822363009D6A2D /* Preview Assets.xcassets in Resources */ = {isa = PBXBuildFile; fileRef = C92C585E23822363009D6A2D /* Preview Assets.xcassets */; };
		C92C586223822363009D6A2D /* LaunchScreen.storyboard in Resources */ = {isa = PBXBuildFile; fileRef = C92C586023822363009D6A2D /* LaunchScreen.storyboard */; };
		C92C586D23822363009D6A2D /* PinVisionTests.swift in Sources */ = {isa = PBXBuildFile; fileRef = C92C586C23822363009D6A2D /* PinVisionTests.swift */; };
		C92C587823822387009D6A2D /* AppleImageProcessor.swift in Sources */ = {isa = PBXBuildFile; fileRef = C92C587723822387009D6A2D /* AppleImageProcessor.swift */; };
		C92C587B23822398009D6A2D /* Vision.framework in Frameworks */ = {isa = PBXBuildFile; fileRef = C92C587A23822398009D6A2D /* Vision.framework */; };
		C92C587D238223B8009D6A2D /* ImageProcessorTests.swift in Sources */ = {isa = PBXBuildFile; fileRef = C92C587C238223B8009D6A2D /* ImageProcessorTests.swift */; };
		C92C5885238224A4009D6A2D /* medieval_madness.jpg in Resources */ = {isa = PBXBuildFile; fileRef = C92C587F238224A4009D6A2D /* medieval_madness.jpg */; };
		C92C5886238224A4009D6A2D /* medieval_madness.png in Resources */ = {isa = PBXBuildFile; fileRef = C92C5880238224A4009D6A2D /* medieval_madness.png */; };
		C92C5887238224A4009D6A2D /* tna_2.jpeg in Resources */ = {isa = PBXBuildFile; fileRef = C92C5881238224A4009D6A2D /* tna_2.jpeg */; };
		C92C5888238224A4009D6A2D /* can_crusher.jpg in Resources */ = {isa = PBXBuildFile; fileRef = C92C5882238224A4009D6A2D /* can_crusher.jpg */; };
		C92C5889238224A4009D6A2D /* tna_3.jpeg in Resources */ = {isa = PBXBuildFile; fileRef = C92C5883238224A4009D6A2D /* tna_3.jpeg */; };
		C92C588A238224A4009D6A2D /* tna.jpg in Resources */ = {isa = PBXBuildFile; fileRef = C92C5884238224A4009D6A2D /* tna.jpg */; };
/* End PBXBuildFile section */

/* Begin PBXContainerItemProxy section */
		C92C586923822363009D6A2D /* PBXContainerItemProxy */ = {
			isa = PBXContainerItemProxy;
			containerPortal = C92C584A2382235F009D6A2D /* Project object */;
			proxyType = 1;
			remoteGlobalIDString = C92C58512382235F009D6A2D;
			remoteInfo = PinVision;
		};
/* End PBXContainerItemProxy section */

/* Begin PBXFileReference section */
		C92C58522382235F009D6A2D /* PinVision.app */ = {isa = PBXFileReference; explicitFileType = wrapper.application; includeInIndex = 0; path = PinVision.app; sourceTree = BUILT_PRODUCTS_DIR; };
		C92C58552382235F009D6A2D /* AppDelegate.swift */ = {isa = PBXFileReference; lastKnownFileType = sourcecode.swift; path = AppDelegate.swift; sourceTree = "<group>"; };
		C92C58572382235F009D6A2D /* SceneDelegate.swift */ = {isa = PBXFileReference; lastKnownFileType = sourcecode.swift; path = SceneDelegate.swift; sourceTree = "<group>"; };
		C92C58592382235F009D6A2D /* ContentView.swift */ = {isa = PBXFileReference; lastKnownFileType = sourcecode.swift; path = ContentView.swift; sourceTree = "<group>"; };
		C92C585B23822363009D6A2D /* Assets.xcassets */ = {isa = PBXFileReference; lastKnownFileType = folder.assetcatalog; path = Assets.xcassets; sourceTree = "<group>"; };
		C92C585E23822363009D6A2D /* Preview Assets.xcassets */ = {isa = PBXFileReference; lastKnownFileType = folder.assetcatalog; path = "Preview Assets.xcassets"; sourceTree = "<group>"; };
		C92C586123822363009D6A2D /* Base */ = {isa = PBXFileReference; lastKnownFileType = file.storyboard; name = Base; path = Base.lproj/LaunchScreen.storyboard; sourceTree = "<group>"; };
		C92C586323822363009D6A2D /* Info.plist */ = {isa = PBXFileReference; lastKnownFileType = text.plist.xml; path = Info.plist; sourceTree = "<group>"; };
		C92C586823822363009D6A2D /* PinVisionTests.xctest */ = {isa = PBXFileReference; explicitFileType = wrapper.cfbundle; includeInIndex = 0; path = PinVisionTests.xctest; sourceTree = BUILT_PRODUCTS_DIR; };
		C92C586C23822363009D6A2D /* PinVisionTests.swift */ = {isa = PBXFileReference; lastKnownFileType = sourcecode.swift; path = PinVisionTests.swift; sourceTree = "<group>"; };
		C92C586E23822363009D6A2D /* Info.plist */ = {isa = PBXFileReference; lastKnownFileType = text.plist.xml; path = Info.plist; sourceTree = "<group>"; };
		C92C587723822387009D6A2D /* AppleImageProcessor.swift */ = {isa = PBXFileReference; lastKnownFileType = sourcecode.swift; path = AppleImageProcessor.swift; sourceTree = "<group>"; };
		C92C587A23822398009D6A2D /* Vision.framework */ = {isa = PBXFileReference; lastKnownFileType = wrapper.framework; name = Vision.framework; path = System/Library/Frameworks/Vision.framework; sourceTree = SDKROOT; };
		C92C587C238223B8009D6A2D /* ImageProcessorTests.swift */ = {isa = PBXFileReference; lastKnownFileType = sourcecode.swift; path = ImageProcessorTests.swift; sourceTree = "<group>"; };
		C92C587F238224A4009D6A2D /* medieval_madness.jpg */ = {isa = PBXFileReference; lastKnownFileType = image.jpeg; path = medieval_madness.jpg; sourceTree = "<group>"; };
		C92C5880238224A4009D6A2D /* medieval_madness.png */ = {isa = PBXFileReference; lastKnownFileType = image.png; path = medieval_madness.png; sourceTree = "<group>"; };
		C92C5881238224A4009D6A2D /* tna_2.jpeg */ = {isa = PBXFileReference; lastKnownFileType = image.jpeg; path = tna_2.jpeg; sourceTree = "<group>"; };
		C92C5882238224A4009D6A2D /* can_crusher.jpg */ = {isa = PBXFileReference; lastKnownFileType = image.jpeg; path = can_crusher.jpg; sourceTree = "<group>"; };
		C92C5883238224A4009D6A2D /* tna_3.jpeg */ = {isa = PBXFileReference; lastKnownFileType = image.jpeg; path = tna_3.jpeg; sourceTree = "<group>"; };
		C92C5884238224A4009D6A2D /* tna.jpg */ = {isa = PBXFileReference; lastKnownFileType = image.jpeg; path = tna.jpg; sourceTree = "<group>"; };
		C92C588D2382255A009D6A2D /* .gitignore */ = {isa = PBXFileReference; lastKnownFileType = text; name = .gitignore; path = ../../PinPals/.gitignore; sourceTree = "<group>"; };
/* End PBXFileReference section */

/* Begin PBXFrameworksBuildPhase section */
		C92C584F2382235F009D6A2D /* Frameworks */ = {
			isa = PBXFrameworksBuildPhase;
			buildActionMask = 2147483647;
			files = (
				C92C587B23822398009D6A2D /* Vision.framework in Frameworks */,
			);
			runOnlyForDeploymentPostprocessing = 0;
		};
		C92C586523822363009D6A2D /* Frameworks */ = {
			isa = PBXFrameworksBuildPhase;
			buildActionMask = 2147483647;
			files = (
			);
			runOnlyForDeploymentPostprocessing = 0;
		};
/* End PBXFrameworksBuildPhase section */

/* Begin PBXGroup section */
		C92C58492382235F009D6A2D = {
			isa = PBXGroup;
			children = (
				C92C58542382235F009D6A2D /* PinVision */,
				C92C586B23822363009D6A2D /* PinVisionTests */,
				C92C58532382235F009D6A2D /* Products */,
				C92C587923822398009D6A2D /* Frameworks */,
			);
			sourceTree = "<group>";
		};
		C92C58532382235F009D6A2D /* Products */ = {
			isa = PBXGroup;
			children = (
				C92C58522382235F009D6A2D /* PinVision.app */,
				C92C586823822363009D6A2D /* PinVisionTests.xctest */,
			);
			name = Products;
			sourceTree = "<group>";
		};
		C92C58542382235F009D6A2D /* PinVision */ = {
			isa = PBXGroup;
			children = (
				C92C58552382235F009D6A2D /* AppDelegate.swift */,
				C92C58572382235F009D6A2D /* SceneDelegate.swift */,
				C92C58592382235F009D6A2D /* ContentView.swift */,
				C92C585B23822363009D6A2D /* Assets.xcassets */,
				C92C586023822363009D6A2D /* LaunchScreen.storyboard */,
				C92C586323822363009D6A2D /* Info.plist */,
				C92C588D2382255A009D6A2D /* .gitignore */,
				C92C585D23822363009D6A2D /* Preview Content */,
				C92C587723822387009D6A2D /* AppleImageProcessor.swift */,
			);
			path = PinVision;
			sourceTree = "<group>";
		};
		C92C585D23822363009D6A2D /* Preview Content */ = {
			isa = PBXGroup;
			children = (
				C92C585E23822363009D6A2D /* Preview Assets.xcassets */,
			);
			path = "Preview Content";
			sourceTree = "<group>";
		};
		C92C586B23822363009D6A2D /* PinVisionTests */ = {
			isa = PBXGroup;
			children = (
				C92C587E2382246E009D6A2D /* Test Images */,
				C92C586C23822363009D6A2D /* PinVisionTests.swift */,
				C92C586E23822363009D6A2D /* Info.plist */,
				C92C587C238223B8009D6A2D /* ImageProcessorTests.swift */,
			);
			path = PinVisionTests;
			sourceTree = "<group>";
		};
		C92C587923822398009D6A2D /* Frameworks */ = {
			isa = PBXGroup;
			children = (
				C92C587A23822398009D6A2D /* Vision.framework */,
			);
			name = Frameworks;
			sourceTree = "<group>";
		};
		C92C587E2382246E009D6A2D /* Test Images */ = {
			isa = PBXGroup;
			children = (
				C92C5882238224A4009D6A2D /* can_crusher.jpg */,
				C92C587F238224A4009D6A2D /* medieval_madness.jpg */,
				C92C5880238224A4009D6A2D /* medieval_madness.png */,
				C92C5881238224A4009D6A2D /* tna_2.jpeg */,
				C92C5883238224A4009D6A2D /* tna_3.jpeg */,
				C92C5884238224A4009D6A2D /* tna.jpg */,
			);
			path = "Test Images";
			sourceTree = "<group>";
		};
/* End PBXGroup section */

/* Begin PBXNativeTarget section */
		C92C58512382235F009D6A2D /* PinVision */ = {
			isa = PBXNativeTarget;
			buildConfigurationList = C92C587123822363009D6A2D /* Build configuration list for PBXNativeTarget "PinVision" */;
			buildPhases = (
				C92C584E2382235F009D6A2D /* Sources */,
				C92C584F2382235F009D6A2D /* Frameworks */,
				C92C58502382235F009D6A2D /* Resources */,
			);
			buildRules = (
			);
			dependencies = (
			);
			name = PinVision;
			productName = PinVision;
			productReference = C92C58522382235F009D6A2D /* PinVision.app */;
			productType = "com.apple.product-type.application";
		};
		C92C586723822363009D6A2D /* PinVisionTests */ = {
			isa = PBXNativeTarget;
			buildConfigurationList = C92C587423822363009D6A2D /* Build configuration list for PBXNativeTarget "PinVisionTests" */;
			buildPhases = (
				C92C586423822363009D6A2D /* Sources */,
				C92C586523822363009D6A2D /* Frameworks */,
				C92C586623822363009D6A2D /* Resources */,
			);
			buildRules = (
			);
			dependencies = (
				C92C586A23822363009D6A2D /* PBXTargetDependency */,
			);
			name = PinVisionTests;
			productName = PinVisionTests;
			productReference = C92C586823822363009D6A2D /* PinVisionTests.xctest */;
			productType = "com.apple.product-type.bundle.unit-test";
		};
/* End PBXNativeTarget section */

/* Begin PBXProject section */
		C92C584A2382235F009D6A2D /* Project object */ = {
			isa = PBXProject;
			attributes = {
				LastSwiftUpdateCheck = 1110;
				LastUpgradeCheck = 1110;
				ORGANIZATIONNAME = "Matt Stanford";
				TargetAttributes = {
					C92C58512382235F009D6A2D = {
						CreatedOnToolsVersion = 11.1;
					};
					C92C586723822363009D6A2D = {
						CreatedOnToolsVersion = 11.1;
						TestTargetID = C92C58512382235F009D6A2D;
					};
				};
			};
			buildConfigurationList = C92C584D2382235F009D6A2D /* Build configuration list for PBXProject "PinVision" */;
			compatibilityVersion = "Xcode 9.3";
			developmentRegion = en;
			hasScannedForEncodings = 0;
			knownRegions = (
				en,
				Base,
			);
			mainGroup = C92C58492382235F009D6A2D;
			productRefGroup = C92C58532382235F009D6A2D /* Products */;
			projectDirPath = "";
			projectRoot = "";
			targets = (
				C92C58512382235F009D6A2D /* PinVision */,
				C92C586723822363009D6A2D /* PinVisionTests */,
			);
		};
/* End PBXProject section */

/* Begin PBXResourcesBuildPhase section */
		C92C58502382235F009D6A2D /* Resources */ = {
			isa = PBXResourcesBuildPhase;
			buildActionMask = 2147483647;
			files = (
				C92C586223822363009D6A2D /* LaunchScreen.storyboard in Resources */,
				C92C585F23822363009D6A2D /* Preview Assets.xcassets in Resources */,
				C92C585C23822363009D6A2D /* Assets.xcassets in Resources */,
			);
			runOnlyForDeploymentPostprocessing = 0;
		};
		C92C586623822363009D6A2D /* Resources */ = {
			isa = PBXResourcesBuildPhase;
			buildActionMask = 2147483647;
			files = (
				C92C5886238224A4009D6A2D /* medieval_madness.png in Resources */,
				C92C5887238224A4009D6A2D /* tna_2.jpeg in Resources */,
				C92C5889238224A4009D6A2D /* tna_3.jpeg in Resources */,
				C92C588A238224A4009D6A2D /* tna.jpg in Resources */,
				C92C5885238224A4009D6A2D /* medieval_madness.jpg in Resources */,
				C92C5888238224A4009D6A2D /* can_crusher.jpg in Resources */,
			);
			runOnlyForDeploymentPostprocessing = 0;
		};
/* End PBXResourcesBuildPhase section */

/* Begin PBXSourcesBuildPhase section */
		C92C584E2382235F009D6A2D /* Sources */ = {
			isa = PBXSourcesBuildPhase;
			buildActionMask = 2147483647;
			files = (
				C92C58562382235F009D6A2D /* AppDelegate.swift in Sources */,
				C92C587823822387009D6A2D /* AppleImageProcessor.swift in Sources */,
				C92C58582382235F009D6A2D /* SceneDelegate.swift in Sources */,
				C92C585A2382235F009D6A2D /* ContentView.swift in Sources */,
			);
			runOnlyForDeploymentPostprocessing = 0;
		};
		C92C586423822363009D6A2D /* Sources */ = {
			isa = PBXSourcesBuildPhase;
			buildActionMask = 2147483647;
			files = (
				C92C587D238223B8009D6A2D /* ImageProcessorTests.swift in Sources */,
				C92C586D23822363009D6A2D /* PinVisionTests.swift in Sources */,
			);
			runOnlyForDeploymentPostprocessing = 0;
		};
/* End PBXSourcesBuildPhase section */

/* Begin PBXTargetDependency section */
		C92C586A23822363009D6A2D /* PBXTargetDependency */ = {
			isa = PBXTargetDependency;
			target = C92C58512382235F009D6A2D /* PinVision */;
			targetProxy = C92C586923822363009D6A2D /* PBXContainerItemProxy */;
		};
/* End PBXTargetDependency section */

/* Begin PBXVariantGroup section */
		C92C586023822363009D6A2D /* LaunchScreen.storyboard */ = {
			isa = PBXVariantGroup;
			children = (
				C92C586123822363009D6A2D /* Base */,
			);
			name = LaunchScreen.storyboard;
			sourceTree = "<group>";
		};
/* End PBXVariantGroup section */

/* Begin XCBuildConfiguration section */
		C92C586F23822363009D6A2D /* Debug */ = {
			isa = XCBuildConfiguration;
			buildSettings = {
				ALWAYS_SEARCH_USER_PATHS = NO;
				CLANG_ANALYZER_NONNULL = YES;
				CLANG_ANALYZER_NUMBER_OBJECT_CONVERSION = YES_AGGRESSIVE;
				CLANG_CXX_LANGUAGE_STANDARD = "gnu++14";
				CLANG_CXX_LIBRARY = "libc++";
				CLANG_ENABLE_MODULES = YES;
				CLANG_ENABLE_OBJC_ARC = YES;
				CLANG_ENABLE_OBJC_WEAK = YES;
				CLANG_WARN_BLOCK_CAPTURE_AUTORELEASING = YES;
				CLANG_WARN_BOOL_CONVERSION = YES;
				CLANG_WARN_COMMA = YES;
				CLANG_WARN_CONSTANT_CONVERSION = YES;
				CLANG_WARN_DEPRECATED_OBJC_IMPLEMENTATIONS = YES;
				CLANG_WARN_DIRECT_OBJC_ISA_USAGE = YES_ERROR;
				CLANG_WARN_DOCUMENTATION_COMMENTS = YES;
				CLANG_WARN_EMPTY_BODY = YES;
				CLANG_WARN_ENUM_CONVERSION = YES;
				CLANG_WARN_INFINITE_RECURSION = YES;
				CLANG_WARN_INT_CONVERSION = YES;
				CLANG_WARN_NON_LITERAL_NULL_CONVERSION = YES;
				CLANG_WARN_OBJC_IMPLICIT_RETAIN_SELF = YES;
				CLANG_WARN_OBJC_LITERAL_CONVERSION = YES;
				CLANG_WARN_OBJC_ROOT_CLASS = YES_ERROR;
				CLANG_WARN_RANGE_LOOP_ANALYSIS = YES;
				CLANG_WARN_STRICT_PROTOTYPES = YES;
				CLANG_WARN_SUSPICIOUS_MOVE = YES;
				CLANG_WARN_UNGUARDED_AVAILABILITY = YES_AGGRESSIVE;
				CLANG_WARN_UNREACHABLE_CODE = YES;
				CLANG_WARN__DUPLICATE_METHOD_MATCH = YES;
				COPY_PHASE_STRIP = NO;
				DEBUG_INFORMATION_FORMAT = dwarf;
				ENABLE_STRICT_OBJC_MSGSEND = YES;
				ENABLE_TESTABILITY = YES;
				GCC_C_LANGUAGE_STANDARD = gnu11;
				GCC_DYNAMIC_NO_PIC = NO;
				GCC_NO_COMMON_BLOCKS = YES;
				GCC_OPTIMIZATION_LEVEL = 0;
				GCC_PREPROCESSOR_DEFINITIONS = (
					"DEBUG=1",
					"$(inherited)",
				);
				GCC_WARN_64_TO_32_BIT_CONVERSION = YES;
				GCC_WARN_ABOUT_RETURN_TYPE = YES_ERROR;
				GCC_WARN_UNDECLARED_SELECTOR = YES;
				GCC_WARN_UNINITIALIZED_AUTOS = YES_AGGRESSIVE;
				GCC_WARN_UNUSED_FUNCTION = YES;
				GCC_WARN_UNUSED_VARIABLE = YES;
				IPHONEOS_DEPLOYMENT_TARGET = 13.1;
				MTL_ENABLE_DEBUG_INFO = INCLUDE_SOURCE;
				MTL_FAST_MATH = YES;
				ONLY_ACTIVE_ARCH = YES;
				SDKROOT = iphoneos;
				SWIFT_ACTIVE_COMPILATION_CONDITIONS = DEBUG;
				SWIFT_OPTIMIZATION_LEVEL = "-Onone";
			};
			name = Debug;
		};
		C92C587023822363009D6A2D /* Release */ = {
			isa = XCBuildConfiguration;
			buildSettings = {
				ALWAYS_SEARCH_USER_PATHS = NO;
				CLANG_ANALYZER_NONNULL = YES;
				CLANG_ANALYZER_NUMBER_OBJECT_CONVERSION = YES_AGGRESSIVE;
				CLANG_CXX_LANGUAGE_STANDARD = "gnu++14";
				CLANG_CXX_LIBRARY = "libc++";
				CLANG_ENABLE_MODULES = YES;
				CLANG_ENABLE_OBJC_ARC = YES;
				CLANG_ENABLE_OBJC_WEAK = YES;
				CLANG_WARN_BLOCK_CAPTURE_AUTORELEASING = YES;
				CLANG_WARN_BOOL_CONVERSION = YES;
				CLANG_WARN_COMMA = YES;
				CLANG_WARN_CONSTANT_CONVERSION = YES;
				CLANG_WARN_DEPRECATED_OBJC_IMPLEMENTATIONS = YES;
				CLANG_WARN_DIRECT_OBJC_ISA_USAGE = YES_ERROR;
				CLANG_WARN_DOCUMENTATION_COMMENTS = YES;
				CLANG_WARN_EMPTY_BODY = YES;
				CLANG_WARN_ENUM_CONVERSION = YES;
				CLANG_WARN_INFINITE_RECURSION = YES;
				CLANG_WARN_INT_CONVERSION = YES;
				CLANG_WARN_NON_LITERAL_NULL_CONVERSION = YES;
				CLANG_WARN_OBJC_IMPLICIT_RETAIN_SELF = YES;
				CLANG_WARN_OBJC_LITERAL_CONVERSION = YES;
				CLANG_WARN_OBJC_ROOT_CLASS = YES_ERROR;
				CLANG_WARN_RANGE_LOOP_ANALYSIS = YES;
				CLANG_WARN_STRICT_PROTOTYPES = YES;
				CLANG_WARN_SUSPICIOUS_MOVE = YES;
				CLANG_WARN_UNGUARDED_AVAILABILITY = YES_AGGRESSIVE;
				CLANG_WARN_UNREACHABLE_CODE = YES;
				CLANG_WARN__DUPLICATE_METHOD_MATCH = YES;
				COPY_PHASE_STRIP = NO;
				DEBUG_INFORMATION_FORMAT = "dwarf-with-dsym";
				ENABLE_NS_ASSERTIONS = NO;
				ENABLE_STRICT_OBJC_MSGSEND = YES;
				GCC_C_LANGUAGE_STANDARD = gnu11;
				GCC_NO_COMMON_BLOCKS = YES;
				GCC_WARN_64_TO_32_BIT_CONVERSION = YES;
				GCC_WARN_ABOUT_RETURN_TYPE = YES_ERROR;
				GCC_WARN_UNDECLARED_SELECTOR = YES;
				GCC_WARN_UNINITIALIZED_AUTOS = YES_AGGRESSIVE;
				GCC_WARN_UNUSED_FUNCTION = YES;
				GCC_WARN_UNUSED_VARIABLE = YES;
				IPHONEOS_DEPLOYMENT_TARGET = 13.1;
				MTL_ENABLE_DEBUG_INFO = NO;
				MTL_FAST_MATH = YES;
				SDKROOT = iphoneos;
				SWIFT_COMPILATION_MODE = wholemodule;
				SWIFT_OPTIMIZATION_LEVEL = "-O";
				VALIDATE_PRODUCT = YES;
			};
			name = Release;
		};
		C92C587223822363009D6A2D /* Debug */ = {
			isa = XCBuildConfiguration;
			buildSettings = {
				ASSETCATALOG_COMPILER_APPICON_NAME = AppIcon;
				CODE_SIGN_STYLE = Automatic;
				DEVELOPMENT_ASSET_PATHS = "\"PinVision/Preview Content\"";
				DEVELOPMENT_TEAM = 735H4JCR7N;
				ENABLE_PREVIEWS = YES;
				INFOPLIST_FILE = PinVision/Info.plist;
				LD_RUNPATH_SEARCH_PATHS = (
					"$(inherited)",
					"@executable_path/Frameworks",
				);
				PRODUCT_BUNDLE_IDENTIFIER = com.mattstanford.PinVision;
				PRODUCT_NAME = "$(TARGET_NAME)";
				SWIFT_VERSION = 5.0;
				TARGETED_DEVICE_FAMILY = "1,2";
			};
			name = Debug;
		};
		C92C587323822363009D6A2D /* Release */ = {
			isa = XCBuildConfiguration;
			buildSettings = {
				ASSETCATALOG_COMPILER_APPICON_NAME = AppIcon;
				CODE_SIGN_STYLE = Automatic;
				DEVELOPMENT_ASSET_PATHS = "\"PinVision/Preview Content\"";
				DEVELOPMENT_TEAM = 735H4JCR7N;
				ENABLE_PREVIEWS = YES;
				INFOPLIST_FILE = PinVision/Info.plist;
				LD_RUNPATH_SEARCH_PATHS = (
					"$(inherited)",
					"@executable_path/Frameworks",
				);
				PRODUCT_BUNDLE_IDENTIFIER = com.mattstanford.PinVision;
				PRODUCT_NAME = "$(TARGET_NAME)";
				SWIFT_VERSION = 5.0;
				TARGETED_DEVICE_FAMILY = "1,2";
			};
			name = Release;
		};
		C92C587523822363009D6A2D /* Debug */ = {
			isa = XCBuildConfiguration;
			buildSettings = {
				ALWAYS_EMBED_SWIFT_STANDARD_LIBRARIES = YES;
				BUNDLE_LOADER = "$(TEST_HOST)";
				CODE_SIGN_STYLE = Automatic;
				DEVELOPMENT_TEAM = 735H4JCR7N;
				INFOPLIST_FILE = PinVisionTests/Info.plist;
				IPHONEOS_DEPLOYMENT_TARGET = 13.1;
				LD_RUNPATH_SEARCH_PATHS = (
					"$(inherited)",
					"@executable_path/Frameworks",
					"@loader_path/Frameworks",
				);
				PRODUCT_BUNDLE_IDENTIFIER = com.mattstanford.PinVisionTests;
				PRODUCT_NAME = "$(TARGET_NAME)";
				SWIFT_VERSION = 5.0;
				TARGETED_DEVICE_FAMILY = "1,2";
				TEST_HOST = "$(BUILT_PRODUCTS_DIR)/PinVision.app/PinVision";
			};
			name = Debug;
		};
		C92C587623822363009D6A2D /* Release */ = {
			isa = XCBuildConfiguration;
			buildSettings = {
				ALWAYS_EMBED_SWIFT_STANDARD_LIBRARIES = YES;
				BUNDLE_LOADER = "$(TEST_HOST)";
				CODE_SIGN_STYLE = Automatic;
				DEVELOPMENT_TEAM = 735H4JCR7N;
				INFOPLIST_FILE = PinVisionTests/Info.plist;
				IPHONEOS_DEPLOYMENT_TARGET = 13.1;
				LD_RUNPATH_SEARCH_PATHS = (
					"$(inherited)",
					"@executable_path/Frameworks",
					"@loader_path/Frameworks",
				);
				PRODUCT_BUNDLE_IDENTIFIER = com.mattstanford.PinVisionTests;
				PRODUCT_NAME = "$(TARGET_NAME)";
				SWIFT_VERSION = 5.0;
				TARGETED_DEVICE_FAMILY = "1,2";
				TEST_HOST = "$(BUILT_PRODUCTS_DIR)/PinVision.app/PinVision";
			};
			name = Release;
		};
/* End XCBuildConfiguration section */

/* Begin XCConfigurationList section */
		C92C584D2382235F009D6A2D /* Build configuration list for PBXProject "PinVision" */ = {
			isa = XCConfigurationList;
			buildConfigurations = (
				C92C586F23822363009D6A2D /* Debug */,
				C92C587023822363009D6A2D /* Release */,
			);
			defaultConfigurationIsVisible = 0;
			defaultConfigurationName = Release;
		};
		C92C587123822363009D6A2D /* Build configuration list for PBXNativeTarget "PinVision" */ = {
			isa = XCConfigurationList;
			buildConfigurations = (
				C92C587223822363009D6A2D /* Debug */,
				C92C587323822363009D6A2D /* Release */,
			);
			defaultConfigurationIsVisible = 0;
			defaultConfigurationName = Release;
		};
		C92C587423822363009D6A2D /* Build configuration list for PBXNativeTarget "PinVisionTests" */ = {
			isa = XCConfigurationList;
			buildConfigurations = (
				C92C587523822363009D6A2D /* Debug */,
				C92C587623822363009D6A2D /* Release */,
			);
			defaultConfigurationIsVisible = 0;
			defaultConfigurationName = Release;
		};
/* End XCConfigurationList section */
	};
	rootObject = C92C584A2382235F009D6A2D /* Project object */;
}
